
Microsoft Visual Studio Solution File, Format Version 12.00
# Visual Studio 2013
Project("{FAE04EC0-301F-11D3-BF4B-00C04F79EFBC}") = "UnityVS.BeyondTheSkyU5.CSharp", "UnityVS.BeyondTheSkyU5.CSharp.csproj", "{381E7151-C845-A867-AF22-1EDBD6AE4F28}"
EndProject
Project("{FAE04EC0-301F-11D3-BF4B-00C04F79EFBC}") = "UnityVS.BeyondTheSkyU5.CSharp.Editor", "UnityVS.BeyondTheSkyU5.CSharp.Editor.csproj", "{443B0067-3E5B-1655-4021-FB3AFBF63113}"
EndProject
Global
	GlobalSection(SolutionConfigurationPlatforms) = preSolution
		Debug|Any CPU = Debug|Any CPU
		Release|Any CPU = Release|Any CPU
	EndGlobalSection
	GlobalSection(ProjectConfigurationPlatforms) = postSolution
		{381E7151-C845-A867-AF22-1EDBD6AE4F28}.Debug|Any CPU.ActiveCfg = Debug|Any CPU
		{381E7151-C845-A867-AF22-1EDBD6AE4F28}.Debug|Any CPU.Build.0 = Debug|Any CPU
		{381E7151-C845-A867-AF22-1EDBD6AE4F28}.Release|Any CPU.ActiveCfg = Release|Any CPU
		{381E7151-C845-A867-AF22-1EDBD6AE4F28}.Release|Any CPU.Build.0 = Release|Any CPU
		{443B0067-3E5B-1655-4021-FB3AFBF63113}.Debug|Any CPU.ActiveCfg = Debug|Any CPU
		{443B0067-3E5B-1655-4021-FB3AFBF63113}.Debug|Any CPU.Build.0 = Debug|Any CPU
		{443B0067-3E5B-1655-4021-FB3AFBF63113}.Release|Any CPU.ActiveCfg = Release|Any CPU
		{443B0067-3E5B-1655-4021-FB3AFBF63113}.Release|Any CPU.Build.0 = Release|Any CPU
	EndGlobalSection
	GlobalSection(SolutionProperties) = preSolution
		HideSolutionNode = FALSE
	EndGlobalSection
EndGlobal
